// !$*UTF8*$!
{
	archiveVersion = 1;
	classes = {
	};
	objectVersion = 55;
	objects = {

/* Begin PBXBuildFile section */
		1B2A01642796C42700713D69 /* AppDelegate.swift in Sources */ = {isa = PBXBuildFile; fileRef = 1B2A01632796C42700713D69 /* AppDelegate.swift */; };
		1B2A01662796C42700713D69 /* SceneDelegate.swift in Sources */ = {isa = PBXBuildFile; fileRef = 1B2A01652796C42700713D69 /* SceneDelegate.swift */; };
		1B2A01682796C42700713D69 /* UIButtonUIAlertViewController.swift in Sources */ = {isa = PBXBuildFile; fileRef = 1B2A01672796C42700713D69 /* UIButtonUIAlertViewController.swift */; };
		1B2A016B2796C42700713D69 /* Main.storyboard in Resources */ = {isa = PBXBuildFile; fileRef = 1B2A01692796C42700713D69 /* Main.storyboard */; };
		1B2A016D2796C42B00713D69 /* Assets.xcassets in Resources */ = {isa = PBXBuildFile; fileRef = 1B2A016C2796C42B00713D69 /* Assets.xcassets */; };
		1B2A01702796C42B00713D69 /* LaunchScreen.storyboard in Resources */ = {isa = PBXBuildFile; fileRef = 1B2A016E2796C42B00713D69 /* LaunchScreen.storyboard */; };
		1B2A01782796C8BA00713D69 /* UISwitchViewController.swift in Sources */ = {isa = PBXBuildFile; fileRef = 1B2A01772796C8BA00713D69 /* UISwitchViewController.swift */; };
		1B2A017D2797253F00713D69 /* UISliderViewController.swift in Sources */ = {isa = PBXBuildFile; fileRef = 1B2A017C2797253F00713D69 /* UISliderViewController.swift */; };
		1B2A017F279725B700713D69 /* music.mp3 in Resources */ = {isa = PBXBuildFile; fileRef = 1B2A017E279725B700713D69 /* music.mp3 */; };
		1B2A01812798331C00713D69 /* SegmentControllerViewController.swift in Sources */ = {isa = PBXBuildFile; fileRef = 1B2A01802798331C00713D69 /* SegmentControllerViewController.swift */; };
		1B2A0183279853C600713D69 /* TextFieldViewController.swift in Sources */ = {isa = PBXBuildFile; fileRef = 1B2A0182279853C600713D69 /* TextFieldViewController.swift */; };
		1B2A018927A8CFEC00713D69 /* TextViewViewController.swift in Sources */ = {isa = PBXBuildFile; fileRef = 1B2A018827A8CFEC00713D69 /* TextViewViewController.swift */; };
		1B2A018B27A8F16000713D69 /* ScrollViewViewController.swift in Sources */ = {isa = PBXBuildFile; fileRef = 1B2A018A27A8F16000713D69 /* ScrollViewViewController.swift */; };
		1B2A018F27A9507800713D69 /* ProgressViewController.swift in Sources */ = {isa = PBXBuildFile; fileRef = 1B2A018E27A9507800713D69 /* ProgressViewController.swift */; };
		1B2A019327AA9CDE00713D69 /* TimerViewController.swift in Sources */ = {isa = PBXBuildFile; fileRef = 1B2A019227AA9CDE00713D69 /* TimerViewController.swift */; };
		1B2A019527AFFBD400713D69 /* UserDefaultsViewController.swift in Sources */ = {isa = PBXBuildFile; fileRef = 1B2A019427AFFBD400713D69 /* UserDefaultsViewController.swift */; };
		1B2A019727B00B9D00713D69 /* KeyChainWrapperViewController.swift in Sources */ = {isa = PBXBuildFile; fileRef = 1B2A019627B00B9D00713D69 /* KeyChainWrapperViewController.swift */; };
		1B2A019927B0174E00713D69 /* AllViewControllers.swift in Sources */ = {isa = PBXBuildFile; fileRef = 1B2A019827B0174E00713D69 /* AllViewControllers.swift */; };
		1B2A01AB27B0281F00713D69 /* ToDoListViewController.swift in Sources */ = {isa = PBXBuildFile; fileRef = 1B2A01AA27B0281F00713D69 /* ToDoListViewController.swift */; };
		1B2A01AF27B0306C00713D69 /* ToDoListDataSource.swift in Sources */ = {isa = PBXBuildFile; fileRef = 1B2A01AE27B0306C00713D69 /* ToDoListDataSource.swift */; };
		F09361964B1FFFB74F1374DC /* Pods_UIButtuon_UIAlert.framework in Frameworks */ = {isa = PBXBuildFile; fileRef = 6EF8FE0368B240EA6D718F85 /* Pods_UIButtuon_UIAlert.framework */; };
/* End PBXBuildFile section */

/* Begin PBXFileReference section */
		1B2A01602796C42700713D69 /* UIButtuon+UIAlert.app */ = {isa = PBXFileReference; explicitFileType = wrapper.application; includeInIndex = 0; path = "UIButtuon+UIAlert.app"; sourceTree = BUILT_PRODUCTS_DIR; };
		1B2A01632796C42700713D69 /* AppDelegate.swift */ = {isa = PBXFileReference; lastKnownFileType = sourcecode.swift; path = AppDelegate.swift; sourceTree = "<group>"; };
		1B2A01652796C42700713D69 /* SceneDelegate.swift */ = {isa = PBXFileReference; lastKnownFileType = sourcecode.swift; path = SceneDelegate.swift; sourceTree = "<group>"; };
		1B2A01672796C42700713D69 /* UIButtonUIAlertViewController.swift */ = {isa = PBXFileReference; lastKnownFileType = sourcecode.swift; path = UIButtonUIAlertViewController.swift; sourceTree = "<group>"; };
		1B2A016A2796C42700713D69 /* Base */ = {isa = PBXFileReference; lastKnownFileType = file.storyboard; name = Base; path = Base.lproj/Main.storyboard; sourceTree = "<group>"; };
		1B2A016C2796C42B00713D69 /* Assets.xcassets */ = {isa = PBXFileReference; lastKnownFileType = folder.assetcatalog; path = Assets.xcassets; sourceTree = "<group>"; };
		1B2A016F2796C42B00713D69 /* Base */ = {isa = PBXFileReference; lastKnownFileType = file.storyboard; name = Base; path = Base.lproj/LaunchScreen.storyboard; sourceTree = "<group>"; };
		1B2A01712796C42B00713D69 /* Info.plist */ = {isa = PBXFileReference; lastKnownFileType = text.plist.xml; path = Info.plist; sourceTree = "<group>"; };
		1B2A01772796C8BA00713D69 /* UISwitchViewController.swift */ = {isa = PBXFileReference; lastKnownFileType = sourcecode.swift; path = UISwitchViewController.swift; sourceTree = "<group>"; };
		1B2A017C2797253F00713D69 /* UISliderViewController.swift */ = {isa = PBXFileReference; lastKnownFileType = sourcecode.swift; path = UISliderViewController.swift; sourceTree = "<group>"; };
		1B2A017E279725B700713D69 /* music.mp3 */ = {isa = PBXFileReference; lastKnownFileType = audio.mp3; path = music.mp3; sourceTree = "<group>"; };
		1B2A01802798331C00713D69 /* SegmentControllerViewController.swift */ = {isa = PBXFileReference; lastKnownFileType = sourcecode.swift; path = SegmentControllerViewController.swift; sourceTree = "<group>"; };
		1B2A0182279853C600713D69 /* TextFieldViewController.swift */ = {isa = PBXFileReference; lastKnownFileType = sourcecode.swift; path = TextFieldViewController.swift; sourceTree = "<group>"; };
		1B2A018827A8CFEC00713D69 /* TextViewViewController.swift */ = {isa = PBXFileReference; lastKnownFileType = sourcecode.swift; path = TextViewViewController.swift; sourceTree = "<group>"; };
		1B2A018A27A8F16000713D69 /* ScrollViewViewController.swift */ = {isa = PBXFileReference; lastKnownFileType = sourcecode.swift; path = ScrollViewViewController.swift; sourceTree = "<group>"; };
		1B2A018E27A9507800713D69 /* ProgressViewController.swift */ = {isa = PBXFileReference; lastKnownFileType = sourcecode.swift; path = ProgressViewController.swift; sourceTree = "<group>"; };
		1B2A019227AA9CDE00713D69 /* TimerViewController.swift */ = {isa = PBXFileReference; lastKnownFileType = sourcecode.swift; path = TimerViewController.swift; sourceTree = "<group>"; };
		1B2A019427AFFBD400713D69 /* UserDefaultsViewController.swift */ = {isa = PBXFileReference; lastKnownFileType = sourcecode.swift; path = UserDefaultsViewController.swift; sourceTree = "<group>"; };
		1B2A019627B00B9D00713D69 /* KeyChainWrapperViewController.swift */ = {isa = PBXFileReference; lastKnownFileType = sourcecode.swift; path = KeyChainWrapperViewController.swift; sourceTree = "<group>"; };
		1B2A019827B0174E00713D69 /* AllViewControllers.swift */ = {isa = PBXFileReference; lastKnownFileType = sourcecode.swift; path = AllViewControllers.swift; sourceTree = "<group>"; };
		1B2A01AA27B0281F00713D69 /* ToDoListViewController.swift */ = {isa = PBXFileReference; lastKnownFileType = sourcecode.swift; path = ToDoListViewController.swift; sourceTree = "<group>"; };
		1B2A01AE27B0306C00713D69 /* ToDoListDataSource.swift */ = {isa = PBXFileReference; lastKnownFileType = sourcecode.swift; path = ToDoListDataSource.swift; sourceTree = "<group>"; };
		5924C6BDF6FE5816D5797A35 /* Pods-UIButtuon+UIAlert.debug.xcconfig */ = {isa = PBXFileReference; includeInIndex = 1; lastKnownFileType = text.xcconfig; name = "Pods-UIButtuon+UIAlert.debug.xcconfig"; path = "Target Support Files/Pods-UIButtuon+UIAlert/Pods-UIButtuon+UIAlert.debug.xcconfig"; sourceTree = "<group>"; };
		6EF8FE0368B240EA6D718F85 /* Pods_UIButtuon_UIAlert.framework */ = {isa = PBXFileReference; explicitFileType = wrapper.framework; includeInIndex = 0; path = Pods_UIButtuon_UIAlert.framework; sourceTree = BUILT_PRODUCTS_DIR; };
		8F5A04B70E6D164C4F748979 /* Pods-UIButtuon+UIAlert.release.xcconfig */ = {isa = PBXFileReference; includeInIndex = 1; lastKnownFileType = text.xcconfig; name = "Pods-UIButtuon+UIAlert.release.xcconfig"; path = "Target Support Files/Pods-UIButtuon+UIAlert/Pods-UIButtuon+UIAlert.release.xcconfig"; sourceTree = "<group>"; };
/* End PBXFileReference section */

/* Begin PBXFrameworksBuildPhase section */
		1B2A015D2796C42700713D69 /* Frameworks */ = {
			isa = PBXFrameworksBuildPhase;
			buildActionMask = 2147483647;
			files = (
				F09361964B1FFFB74F1374DC /* Pods_UIButtuon_UIAlert.framework in Frameworks */,
			);
			runOnlyForDeploymentPostprocessing = 0;
		};
/* End PBXFrameworksBuildPhase section */

/* Begin PBXGroup section */
		1B2A01572796C42700713D69 = {
			isa = PBXGroup;
			children = (
				1B2A01622796C42700713D69 /* UIButtuon+UIAlert */,
				1B2A01612796C42700713D69 /* Products */,
				74C33088607E397CD0BF8406 /* Pods */,
				8D3C73E7A8EE2CF5B96CD7B4 /* Frameworks */,
			);
			sourceTree = "<group>";
		};
		1B2A01612796C42700713D69 /* Products */ = {
			isa = PBXGroup;
			children = (
				1B2A01602796C42700713D69 /* UIButtuon+UIAlert.app */,
			);
			name = Products;
			sourceTree = "<group>";
		};
		1B2A01622796C42700713D69 /* UIButtuon+UIAlert */ = {
			isa = PBXGroup;
			children = (
				1B2A01792796E43E00713D69 /* Resource */,
				1B2A017A2796E4C000713D69 /* Controllers */,
				1B2A017B2796E4D400713D69 /* View */,
				1B2A016C2796C42B00713D69 /* Assets.xcassets */,
				1B2A017E279725B700713D69 /* music.mp3 */,
				1B2A01712796C42B00713D69 /* Info.plist */,
			);
			path = "UIButtuon+UIAlert";
			sourceTree = "<group>";
		};
		1B2A01792796E43E00713D69 /* Resource */ = {
			isa = PBXGroup;
			children = (
				1B2A01632796C42700713D69 /* AppDelegate.swift */,
				1B2A01652796C42700713D69 /* SceneDelegate.swift */,
			);
			path = Resource;
			sourceTree = "<group>";
		};
		1B2A017A2796E4C000713D69 /* Controllers */ = {
			isa = PBXGroup;
			children = (
				1B2A019827B0174E00713D69 /* AllViewControllers.swift */,
				1B2A019A27B0186C00713D69 /* Day-1 */,
				1B2A019B27B0187600713D69 /* Day-2 */,
				1B2A019C27B0188100713D69 /* Day-3 */,
				1B2A019D27B018A300713D69 /* Day-4 */,
				1B2A019E27B018CF00713D69 /* Day-5 */,
				1B2A019F27B018DC00713D69 /* Day-6 */,
				1B2A01B027B1772D00713D69 /* Day-7 */,
			);
			path = Controllers;
			sourceTree = "<group>";
		};
		1B2A017B2796E4D400713D69 /* View */ = {
			isa = PBXGroup;
			children = (
				1B2A01692796C42700713D69 /* Main.storyboard */,
				1B2A016E2796C42B00713D69 /* LaunchScreen.storyboard */,
			);
			path = View;
			sourceTree = "<group>";
		};
		1B2A019A27B0186C00713D69 /* Day-1 */ = {
			isa = PBXGroup;
			children = (
				1B2A01672796C42700713D69 /* UIButtonUIAlertViewController.swift */,
				1B2A01772796C8BA00713D69 /* UISwitchViewController.swift */,
			);
			path = "Day-1";
			sourceTree = "<group>";
		};
		1B2A019B27B0187600713D69 /* Day-2 */ = {
			isa = PBXGroup;
			children = (
				1B2A017C2797253F00713D69 /* UISliderViewController.swift */,
			);
			path = "Day-2";
			sourceTree = "<group>";
		};
		1B2A019C27B0188100713D69 /* Day-3 */ = {
			isa = PBXGroup;
			children = (
				1B2A01802798331C00713D69 /* SegmentControllerViewController.swift */,
			);
			path = "Day-3";
			sourceTree = "<group>";
		};
		1B2A019D27B018A300713D69 /* Day-4 */ = {
			isa = PBXGroup;
			children = (
				1B2A0182279853C600713D69 /* TextFieldViewController.swift */,
			);
			path = "Day-4";
			sourceTree = "<group>";
		};
		1B2A019E27B018CF00713D69 /* Day-5 */ = {
			isa = PBXGroup;
			children = (
				1B2A018827A8CFEC00713D69 /* TextViewViewController.swift */,
				1B2A018A27A8F16000713D69 /* ScrollViewViewController.swift */,
				1B2A018E27A9507800713D69 /* ProgressViewController.swift */,
				1B2A019227AA9CDE00713D69 /* TimerViewController.swift */,
			);
			path = "Day-5";
			sourceTree = "<group>";
		};
		1B2A019F27B018DC00713D69 /* Day-6 */ = {
			isa = PBXGroup;
			children = (
				1B2A019427AFFBD400713D69 /* UserDefaultsViewController.swift */,
				1B2A019627B00B9D00713D69 /* KeyChainWrapperViewController.swift */,
			);
			path = "Day-6";
			sourceTree = "<group>";
		};
		1B2A01B027B1772D00713D69 /* Day-7 */ = {
			isa = PBXGroup;
			children = (
				1B2A01AA27B0281F00713D69 /* ToDoListViewController.swift */,
				1B2A01AE27B0306C00713D69 /* ToDoListDataSource.swift */,
			);
			path = "Day-7";
			sourceTree = "<group>";
		};
		74C33088607E397CD0BF8406 /* Pods */ = {
			isa = PBXGroup;
			children = (
				5924C6BDF6FE5816D5797A35 /* Pods-UIButtuon+UIAlert.debug.xcconfig */,
				8F5A04B70E6D164C4F748979 /* Pods-UIButtuon+UIAlert.release.xcconfig */,
			);
			path = Pods;
			sourceTree = "<group>";
		};
		8D3C73E7A8EE2CF5B96CD7B4 /* Frameworks */ = {
			isa = PBXGroup;
			children = (
				6EF8FE0368B240EA6D718F85 /* Pods_UIButtuon_UIAlert.framework */,
			);
			name = Frameworks;
			sourceTree = "<group>";
		};
/* End PBXGroup section */

/* Begin PBXNativeTarget section */
		1B2A015F2796C42700713D69 /* UIButtuon+UIAlert */ = {
			isa = PBXNativeTarget;
			buildConfigurationList = 1B2A01742796C42B00713D69 /* Build configuration list for PBXNativeTarget "UIButtuon+UIAlert" */;
			buildPhases = (
				28A3E728AE50DA6FE452B5D3 /* [CP] Check Pods Manifest.lock */,
				1B2A015C2796C42700713D69 /* Sources */,
				1B2A015D2796C42700713D69 /* Frameworks */,
				1B2A015E2796C42700713D69 /* Resources */,
				D8010B3B226429C7222B01E6 /* [CP] Embed Pods Frameworks */,
			);
			buildRules = (
			);
			dependencies = (
			);
			name = "UIButtuon+UIAlert";
			productName = "UIButtuon+UIAlert";
			productReference = 1B2A01602796C42700713D69 /* UIButtuon+UIAlert.app */;
			productType = "com.apple.product-type.application";
		};
/* End PBXNativeTarget section */

/* Begin PBXProject section */
		1B2A01582796C42700713D69 /* Project object */ = {
			isa = PBXProject;
			attributes = {
				BuildIndependentTargetsInParallel = 1;
				LastSwiftUpdateCheck = 1320;
				LastUpgradeCheck = 1320;
				TargetAttributes = {
					1B2A015F2796C42700713D69 = {
						CreatedOnToolsVersion = 13.2.1;
					};
				};
			};
			buildConfigurationList = 1B2A015B2796C42700713D69 /* Build configuration list for PBXProject "UIKit" */;
			compatibilityVersion = "Xcode 13.0";
			developmentRegion = en;
			hasScannedForEncodings = 0;
			knownRegions = (
				en,
				Base,
			);
			mainGroup = 1B2A01572796C42700713D69;
			productRefGroup = 1B2A01612796C42700713D69 /* Products */;
			projectDirPath = "";
			projectRoot = "";
			targets = (
				1B2A015F2796C42700713D69 /* UIButtuon+UIAlert */,
			);
		};
/* End PBXProject section */

/* Begin PBXResourcesBuildPhase section */
		1B2A015E2796C42700713D69 /* Resources */ = {
			isa = PBXResourcesBuildPhase;
			buildActionMask = 2147483647;
			files = (
				1B2A01702796C42B00713D69 /* LaunchScreen.storyboard in Resources */,
				1B2A017F279725B700713D69 /* music.mp3 in Resources */,
				1B2A016D2796C42B00713D69 /* Assets.xcassets in Resources */,
				1B2A016B2796C42700713D69 /* Main.storyboard in Resources */,
			);
			runOnlyForDeploymentPostprocessing = 0;
		};
/* End PBXResourcesBuildPhase section */

/* Begin PBXShellScriptBuildPhase section */
		28A3E728AE50DA6FE452B5D3 /* [CP] Check Pods Manifest.lock */ = {
			isa = PBXShellScriptBuildPhase;
			buildActionMask = 2147483647;
			files = (
			);
			inputFileListPaths = (
			);
			inputPaths = (
				"${PODS_PODFILE_DIR_PATH}/Podfile.lock",
				"${PODS_ROOT}/Manifest.lock",
			);
			name = "[CP] Check Pods Manifest.lock";
			outputFileListPaths = (
			);
			outputPaths = (
				"$(DERIVED_FILE_DIR)/Pods-UIButtuon+UIAlert-checkManifestLockResult.txt",
			);
			runOnlyForDeploymentPostprocessing = 0;
			shellPath = /bin/sh;
			shellScript = "diff \"${PODS_PODFILE_DIR_PATH}/Podfile.lock\" \"${PODS_ROOT}/Manifest.lock\" > /dev/null\nif [ $? != 0 ] ; then\n    # print error to STDERR\n    echo \"error: The sandbox is not in sync with the Podfile.lock. Run 'pod install' or update your CocoaPods installation.\" >&2\n    exit 1\nfi\n# This output is used by Xcode 'outputs' to avoid re-running this script phase.\necho \"SUCCESS\" > \"${SCRIPT_OUTPUT_FILE_0}\"\n";
			showEnvVarsInLog = 0;
		};
		D8010B3B226429C7222B01E6 /* [CP] Embed Pods Frameworks */ = {
			isa = PBXShellScriptBuildPhase;
			buildActionMask = 2147483647;
			files = (
			);
			inputFileListPaths = (
				"${PODS_ROOT}/Target Support Files/Pods-UIButtuon+UIAlert/Pods-UIButtuon+UIAlert-frameworks-${CONFIGURATION}-input-files.xcfilelist",
			);
			name = "[CP] Embed Pods Frameworks";
			outputFileListPaths = (
				"${PODS_ROOT}/Target Support Files/Pods-UIButtuon+UIAlert/Pods-UIButtuon+UIAlert-frameworks-${CONFIGURATION}-output-files.xcfilelist",
			);
			runOnlyForDeploymentPostprocessing = 0;
			shellPath = /bin/sh;
			shellScript = "\"${PODS_ROOT}/Target Support Files/Pods-UIButtuon+UIAlert/Pods-UIButtuon+UIAlert-frameworks.sh\"\n";
			showEnvVarsInLog = 0;
		};
/* End PBXShellScriptBuildPhase section */

/* Begin PBXSourcesBuildPhase section */
		1B2A015C2796C42700713D69 /* Sources */ = {
			isa = PBXSourcesBuildPhase;
			buildActionMask = 2147483647;
			files = (
				1B2A01AF27B0306C00713D69 /* ToDoListDataSource.swift in Sources */,
				1B2A018B27A8F16000713D69 /* ScrollViewViewController.swift in Sources */,
				1B2A01782796C8BA00713D69 /* UISwitchViewController.swift in Sources */,
				1B2A01682796C42700713D69 /* UIButtonUIAlertViewController.swift in Sources */,
				1B2A0183279853C600713D69 /* TextFieldViewController.swift in Sources */,
				1B2A01812798331C00713D69 /* SegmentControllerViewController.swift in Sources */,
				1B2A019727B00B9D00713D69 /* KeyChainWrapperViewController.swift in Sources */,
				1B2A019927B0174E00713D69 /* AllViewControllers.swift in Sources */,
				1B2A018F27A9507800713D69 /* ProgressViewController.swift in Sources */,
				1B2A019527AFFBD400713D69 /* UserDefaultsViewController.swift in Sources */,
				1B2A01642796C42700713D69 /* AppDelegate.swift in Sources */,
				1B2A017D2797253F00713D69 /* UISliderViewController.swift in Sources */,
				1B2A018927A8CFEC00713D69 /* TextViewViewController.swift in Sources */,
				1B2A019327AA9CDE00713D69 /* TimerViewController.swift in Sources */,
				1B2A01AB27B0281F00713D69 /* ToDoListViewController.swift in Sources */,
				1B2A01662796C42700713D69 /* SceneDelegate.swift in Sources */,
			);
			runOnlyForDeploymentPostprocessing = 0;
		};
/* End PBXSourcesBuildPhase section */

/* Begin PBXVariantGroup section */
		1B2A01692796C42700713D69 /* Main.storyboard */ = {
			isa = PBXVariantGroup;
			children = (
				1B2A016A2796C42700713D69 /* Base */,
			);
			name = Main.storyboard;
			sourceTree = "<group>";
		};
		1B2A016E2796C42B00713D69 /* LaunchScreen.storyboard */ = {
			isa = PBXVariantGroup;
			children = (
				1B2A016F2796C42B00713D69 /* Base */,
			);
			name = LaunchScreen.storyboard;
			sourceTree = "<group>";
		};
/* End PBXVariantGroup section */

/* Begin XCBuildConfiguration section */
		1B2A01722796C42B00713D69 /* Debug */ = {
			isa = XCBuildConfiguration;
			buildSettings = {
				ALWAYS_SEARCH_USER_PATHS = NO;
				CLANG_ANALYZER_NONNULL = YES;
				CLANG_ANALYZER_NUMBER_OBJECT_CONVERSION = YES_AGGRESSIVE;
				CLANG_CXX_LANGUAGE_STANDARD = "gnu++17";
				CLANG_CXX_LIBRARY = "libc++";
				CLANG_ENABLE_MODULES = YES;
				CLANG_ENABLE_OBJC_ARC = YES;
				CLANG_ENABLE_OBJC_WEAK = YES;
				CLANG_WARN_BLOCK_CAPTURE_AUTORELEASING = YES;
				CLANG_WARN_BOOL_CONVERSION = YES;
				CLANG_WARN_COMMA = YES;
				CLANG_WARN_CONSTANT_CONVERSION = YES;
				CLANG_WARN_DEPRECATED_OBJC_IMPLEMENTATIONS = YES;
				CLANG_WARN_DIRECT_OBJC_ISA_USAGE = YES_ERROR;
				CLANG_WARN_DOCUMENTATION_COMMENTS = YES;
				CLANG_WARN_EMPTY_BODY = YES;
				CLANG_WARN_ENUM_CONVERSION = YES;
				CLANG_WARN_INFINITE_RECURSION = YES;
				CLANG_WARN_INT_CONVERSION = YES;
				CLANG_WARN_NON_LITERAL_NULL_CONVERSION = YES;
				CLANG_WARN_OBJC_IMPLICIT_RETAIN_SELF = YES;
				CLANG_WARN_OBJC_LITERAL_CONVERSION = YES;
				CLANG_WARN_OBJC_ROOT_CLASS = YES_ERROR;
				CLANG_WARN_QUOTED_INCLUDE_IN_FRAMEWORK_HEADER = YES;
				CLANG_WARN_RANGE_LOOP_ANALYSIS = YES;
				CLANG_WARN_STRICT_PROTOTYPES = YES;
				CLANG_WARN_SUSPICIOUS_MOVE = YES;
				CLANG_WARN_UNGUARDED_AVAILABILITY = YES_AGGRESSIVE;
				CLANG_WARN_UNREACHABLE_CODE = YES;
				CLANG_WARN__DUPLICATE_METHOD_MATCH = YES;
				COPY_PHASE_STRIP = NO;
				DEBUG_INFORMATION_FORMAT = dwarf;
				ENABLE_STRICT_OBJC_MSGSEND = YES;
				ENABLE_TESTABILITY = YES;
				GCC_C_LANGUAGE_STANDARD = gnu11;
				GCC_DYNAMIC_NO_PIC = NO;
				GCC_NO_COMMON_BLOCKS = YES;
				GCC_OPTIMIZATION_LEVEL = 0;
				GCC_PREPROCESSOR_DEFINITIONS = (
					"DEBUG=1",
					"$(inherited)",
				);
				GCC_WARN_64_TO_32_BIT_CONVERSION = YES;
				GCC_WARN_ABOUT_RETURN_TYPE = YES_ERROR;
				GCC_WARN_UNDECLARED_SELECTOR = YES;
				GCC_WARN_UNINITIALIZED_AUTOS = YES_AGGRESSIVE;
				GCC_WARN_UNUSED_FUNCTION = YES;
				GCC_WARN_UNUSED_VARIABLE = YES;
				IPHONEOS_DEPLOYMENT_TARGET = 15.2;
				MTL_ENABLE_DEBUG_INFO = INCLUDE_SOURCE;
				MTL_FAST_MATH = YES;
				ONLY_ACTIVE_ARCH = YES;
				SDKROOT = iphoneos;
				SWIFT_ACTIVE_COMPILATION_CONDITIONS = DEBUG;
				SWIFT_OPTIMIZATION_LEVEL = "-Onone";
			};
			name = Debug;
		};
		1B2A01732796C42B00713D69 /* Release */ = {
			isa = XCBuildConfiguration;
			buildSettings = {
				ALWAYS_SEARCH_USER_PATHS = NO;
				CLANG_ANALYZER_NONNULL = YES;
				CLANG_ANALYZER_NUMBER_OBJECT_CONVERSION = YES_AGGRESSIVE;
				CLANG_CXX_LANGUAGE_STANDARD = "gnu++17";
				CLANG_CXX_LIBRARY = "libc++";
				CLANG_ENABLE_MODULES = YES;
				CLANG_ENABLE_OBJC_ARC = YES;
				CLANG_ENABLE_OBJC_WEAK = YES;
				CLANG_WARN_BLOCK_CAPTURE_AUTORELEASING = YES;
				CLANG_WARN_BOOL_CONVERSION = YES;
				CLANG_WARN_COMMA = YES;
				CLANG_WARN_CONSTANT_CONVERSION = YES;
				CLANG_WARN_DEPRECATED_OBJC_IMPLEMENTATIONS = YES;
				CLANG_WARN_DIRECT_OBJC_ISA_USAGE = YES_ERROR;
				CLANG_WARN_DOCUMENTATION_COMMENTS = YES;
				CLANG_WARN_EMPTY_BODY = YES;
				CLANG_WARN_ENUM_CONVERSION = YES;
				CLANG_WARN_INFINITE_RECURSION = YES;
				CLANG_WARN_INT_CONVERSION = YES;
				CLANG_WARN_NON_LITERAL_NULL_CONVERSION = YES;
				CLANG_WARN_OBJC_IMPLICIT_RETAIN_SELF = YES;
				CLANG_WARN_OBJC_LITERAL_CONVERSION = YES;
				CLANG_WARN_OBJC_ROOT_CLASS = YES_ERROR;
				CLANG_WARN_QUOTED_INCLUDE_IN_FRAMEWORK_HEADER = YES;
				CLANG_WARN_RANGE_LOOP_ANALYSIS = YES;
				CLANG_WARN_STRICT_PROTOTYPES = YES;
				CLANG_WARN_SUSPICIOUS_MOVE = YES;
				CLANG_WARN_UNGUARDED_AVAILABILITY = YES_AGGRESSIVE;
				CLANG_WARN_UNREACHABLE_CODE = YES;
				CLANG_WARN__DUPLICATE_METHOD_MATCH = YES;
				COPY_PHASE_STRIP = NO;
				DEBUG_INFORMATION_FORMAT = "dwarf-with-dsym";
				ENABLE_NS_ASSERTIONS = NO;
				ENABLE_STRICT_OBJC_MSGSEND = YES;
				GCC_C_LANGUAGE_STANDARD = gnu11;
				GCC_NO_COMMON_BLOCKS = YES;
				GCC_WARN_64_TO_32_BIT_CONVERSION = YES;
				GCC_WARN_ABOUT_RETURN_TYPE = YES_ERROR;
				GCC_WARN_UNDECLARED_SELECTOR = YES;
				GCC_WARN_UNINITIALIZED_AUTOS = YES_AGGRESSIVE;
				GCC_WARN_UNUSED_FUNCTION = YES;
				GCC_WARN_UNUSED_VARIABLE = YES;
				IPHONEOS_DEPLOYMENT_TARGET = 15.2;
				MTL_ENABLE_DEBUG_INFO = NO;
				MTL_FAST_MATH = YES;
				SDKROOT = iphoneos;
				SWIFT_COMPILATION_MODE = wholemodule;
				SWIFT_OPTIMIZATION_LEVEL = "-O";
				VALIDATE_PRODUCT = YES;
			};
			name = Release;
		};
		1B2A01752796C42B00713D69 /* Debug */ = {
			isa = XCBuildConfiguration;
			baseConfigurationReference = 5924C6BDF6FE5816D5797A35 /* Pods-UIButtuon+UIAlert.debug.xcconfig */;
			buildSettings = {
				ASSETCATALOG_COMPILER_APPICON_NAME = AppIcon;
				ASSETCATALOG_COMPILER_GLOBAL_ACCENT_COLOR_NAME = AccentColor;
				CODE_SIGN_STYLE = Automatic;
				CURRENT_PROJECT_VERSION = 1;
				DEVELOPMENT_TEAM = 7BP2NRQ599;
				GENERATE_INFOPLIST_FILE = YES;
				INFOPLIST_FILE = "UIButtuon+UIAlert/Info.plist";
				INFOPLIST_KEY_CFBundleDisplayName = UIKit;
				INFOPLIST_KEY_UIApplicationSupportsIndirectInputEvents = YES;
				INFOPLIST_KEY_UILaunchStoryboardName = LaunchScreen;
				INFOPLIST_KEY_UIMainStoryboardFile = Main;
				INFOPLIST_KEY_UISupportedInterfaceOrientations = UIInterfaceOrientationPortrait;
				INFOPLIST_KEY_UISupportedInterfaceOrientations_iPad = "UIInterfaceOrientationPortrait UIInterfaceOrientationPortraitUpsideDown UIInterfaceOrientationLandscapeLeft UIInterfaceOrientationLandscapeRight";
				INFOPLIST_KEY_UISupportedInterfaceOrientations_iPhone = "UIInterfaceOrientationPortrait UIInterfaceOrientationLandscapeLeft UIInterfaceOrientationLandscapeRight";
				LD_RUNPATH_SEARCH_PATHS = (
					"$(inherited)",
					"@executable_path/Frameworks",
				);
				MARKETING_VERSION = 1.0;
				PRODUCT_BUNDLE_IDENTIFIER = "com.appsite.UIButtuon-UIAlert";
				PRODUCT_NAME = "$(TARGET_NAME)";
				SWIFT_EMIT_LOC_STRINGS = YES;
				SWIFT_VERSION = 5.0;
				TARGETED_DEVICE_FAMILY = "1,2";
			};
			name = Debug;
		};
		1B2A01762796C42B00713D69 /* Release */ = {
			isa = XCBuildConfiguration;
			baseConfigurationReference = 8F5A04B70E6D164C4F748979 /* Pods-UIButtuon+UIAlert.release.xcconfig */;
			buildSettings = {
				ASSETCATALOG_COMPILER_APPICON_NAME = AppIcon;
				ASSETCATALOG_COMPILER_GLOBAL_ACCENT_COLOR_NAME = AccentColor;
				CODE_SIGN_STYLE = Automatic;
				CURRENT_PROJECT_VERSION = 1;
				DEVELOPMENT_TEAM = 7BP2NRQ599;
				GENERATE_INFOPLIST_FILE = YES;
				INFOPLIST_FILE = "UIButtuon+UIAlert/Info.plist";
				INFOPLIST_KEY_CFBundleDisplayName = UIKit;
				INFOPLIST_KEY_UIApplicationSupportsIndirectInputEvents = YES;
				INFOPLIST_KEY_UILaunchStoryboardName = LaunchScreen;
				INFOPLIST_KEY_UIMainStoryboardFile = Main;
				INFOPLIST_KEY_UISupportedInterfaceOrientations = UIInterfaceOrientationPortrait;
				INFOPLIST_KEY_UISupportedInterfaceOrientations_iPad = "UIInterfaceOrientationPortrait UIInterfaceOrientationPortraitUpsideDown UIInterfaceOrientationLandscapeLeft UIInterfaceOrientationLandscapeRight";
				INFOPLIST_KEY_UISupportedInterfaceOrientations_iPhone = "UIInterfaceOrientationPortrait UIInterfaceOrientationLandscapeLeft UIInterfaceOrientationLandscapeRight";
				LD_RUNPATH_SEARCH_PATHS = (
					"$(inherited)",
					"@executable_path/Frameworks",
				);
				MARKETING_VERSION = 1.0;
				PRODUCT_BUNDLE_IDENTIFIER = "com.appsite.UIButtuon-UIAlert";
				PRODUCT_NAME = "$(TARGET_NAME)";
				SWIFT_EMIT_LOC_STRINGS = YES;
				SWIFT_VERSION = 5.0;
				TARGETED_DEVICE_FAMILY = "1,2";
			};
			name = Release;
		};
/* End XCBuildConfiguration section */

/* Begin XCConfigurationList section */
		1B2A015B2796C42700713D69 /* Build configuration list for PBXProject "UIKit" */ = {
			isa = XCConfigurationList;
			buildConfigurations = (
				1B2A01722796C42B00713D69 /* Debug */,
				1B2A01732796C42B00713D69 /* Release */,
			);
			defaultConfigurationIsVisible = 0;
			defaultConfigurationName = Release;
		};
		1B2A01742796C42B00713D69 /* Build configuration list for PBXNativeTarget "UIButtuon+UIAlert" */ = {
			isa = XCConfigurationList;
			buildConfigurations = (
				1B2A01752796C42B00713D69 /* Debug */,
				1B2A01762796C42B00713D69 /* Release */,
			);
			defaultConfigurationIsVisible = 0;
			defaultConfigurationName = Release;
		};
/* End XCConfigurationList section */
	};
	rootObject = 1B2A01582796C42700713D69 /* Project object */;
}
